
Microsoft Visual Studio Solution File, Format Version 12.00
# Visual Studio Version 17
VisualStudioVersion = 17.11.35312.102
MinimumVisualStudioVersion = 10.0.40219.1
Project("{8BC9CEB8-8B4A-11D0-8D11-00A0C91BC942}") = "Project1", "Project1\Project1.vcxproj", "{F795BAE6-D410-40A7-AFA5-426B14E1F37B}"
EndProject
Global
	GlobalSection(SolutionConfigurationPlatforms) = preSolution
		Debug|x64 = Debug|x64
		Debug|x86 = Debug|x86
		Release|x64 = Release|x64
		Release|x86 = Release|x86
	EndGlobalSection
	GlobalSection(ProjectConfigurationPlatforms) = postSolution
		{F795BAE6-D410-40A7-AFA5-426B14E1F37B}.Debug|x64.ActiveCfg = Debug|x64
		{F795BAE6-D410-40A7-AFA5-426B14E1F37B}.Debug|x64.Build.0 = Debug|x64
		{F795BAE6-D410-40A7-AFA5-426B14E1F37B}.Debug|x86.ActiveCfg = Debug|Win32
		{F795BAE6-D410-40A7-AFA5-426B14E1F37B}.Debug|x86.Build.0 = Debug|Win32
		{F795BAE6-D410-40A7-AFA5-426B14E1F37B}.Release|x64.ActiveCfg = Release|x64
		{F795BAE6-D410-40A7-AFA5-426B14E1F37B}.Release|x64.Build.0 = Release|x64
		{F795BAE6-D410-40A7-AFA5-426B14E1F37B}.Release|x86.ActiveCfg = Release|Win32
		{F795BAE6-D410-40A7-AFA5-426B14E1F37B}.Release|x86.Build.0 = Release|Win32
	EndGlobalSection
	GlobalSection(SolutionProperties) = preSolution
		HideSolutionNode = FALSE
	EndGlobalSection
	GlobalSection(ExtensibilityGlobals) = postSolution
		SolutionGuid = {7D51F918-584F-4D4C-9FE7-5C5755CC7B12}
	EndGlobalSection
EndGlobal
